# This file is autogenerated, do not edit; changes may be undone by the next 'dep ensure'.


[[projects]]
  digest = "1:b856d8248663c39265a764561c1a1a149783f6cc815feb54a1f3a591b91f6eca"
  name = "github.com/Masterminds/semver"
  packages = ["."]
  pruneopts = ""
  revision = "c7af12943936e8c39859482e61f0574c2fd7fc75"
  version = "v1.4.2"

[[projects]]
  digest = "1:79421244ba5848aae4b0a5c41e633a04e4894cb0b164a219dc8c15ec7facb7f1"
  name = "github.com/blang/semver"
  packages = ["."]
  pruneopts = ""
  revision = "2ee87856327ba09384cabd113bc6b5d174e9ec0f"
  version = "v3.5.1"

[[projects]]
  branch = "master"
  digest = "1:5b953cc30f6a6800140b1fd1fa46ff8a2836b2f434fc5768ca6e193d5dd7bb50"
  name = "github.com/cloudfoundry/libbuildpack"
  packages = [
    ".",
    "cutlass",
    "packager",
  ]
  pruneopts = ""
  revision = "27fcba64ad8674016bcfccb5019e6c9fc7a34806"

[[projects]]
  digest = "1:7ce300e943482aff885b3318c1c6a609827f43e3ba26a073380d5ba6143a0c48"
  name = "github.com/elazarl/goproxy"
  packages = ["."]
  pruneopts = ""
  revision = "aacba83f36a55ac31cbb71c06547a328c0cd1604"

[[projects]]
  branch = "master"
  digest = "1:b264547c40314ec7619d2cf264e2621953843be7242c140efe1e3119f93877f4"
  name = "github.com/google/subcommands"
  packages = ["."]
  pruneopts = ""
  revision = "5bae204cdfb2d92dcc333d56014bae6a2f6c58b1"

[[projects]]
  digest = "1:b3c5b95e56c06f5aa72cb2500e6ee5f44fcd122872d4fec2023a488e561218bc"
  name = "github.com/hpcloud/tail"
  packages = [
    ".",
    "ratelimiter",
    "util",
    "watch",
    "winfile",
  ]
  pruneopts = ""
  revision = "a30252cb686a21eb2d0b98132633053ec2f7f1e5"
  version = "v1.0.0"

[[projects]]
  branch = "master"
  digest = "1:0d192da81ad3e734332859c89ffa5a68c2a97c26a8adc6f1d2d2388e2e071518"
  name = "github.com/onsi/ginkgo"
  packages = [
    ".",
    "config",
    "internal/codelocation",
    "internal/containernode",
    "internal/failer",
    "internal/leafnodes",
    "internal/remote",
    "internal/spec",
    "internal/spec_iterator",
    "internal/specrunner",
    "internal/suite",
    "internal/testingtproxy",
    "internal/writer",
    "reporters",
    "reporters/stenographer",
    "reporters/stenographer/support/go-colorable",
    "reporters/stenographer/support/go-isatty",
    "types",
  ]
  pruneopts = ""
  revision = "505cc352255139defb7371000668063d1161e331"

[[projects]]
  branch = "master"
  digest = "1:475ebc1dfdf5d971f1c6cdf36a595471b1dafeadfd931cdf375ee92cde244c32"
  name = "github.com/onsi/gomega"
  packages = [
    ".",
    "format",
    "internal/assertion",
    "internal/asyncassertion",
    "internal/oraclematcher",
    "internal/testingtsupport",
    "matchers",
    "matchers/support/goraph/bipartitegraph",
    "matchers/support/goraph/edge",
    "matchers/support/goraph/node",
    "matchers/support/goraph/util",
    "types",
  ]
  pruneopts = ""
  revision = "5533ce8a0da374da682cd53d70ddcc54adf1a710"

[[projects]]
  digest = "1:458d627d11501cb3ddc62af818357810bbf3511a497e4e7cc45e037fda6d509c"
  name = "github.com/tidwall/gjson"
  packages = ["."]
  pruneopts = ""
  revision = "5a96cfda705e1762dc0671e26b0b78925ad97e29"
  version = "v1.1.5"

[[projects]]
  digest = "1:72511ec1089fee111c995492d1d390a38ac7ab888aabdb1188985f2a1719c599"
  name = "github.com/tidwall/match"
  packages = ["."]
  pruneopts = ""
  revision = "33827db735fff6510490d69a8622612558a557ed"
  version = "v1.0.1"

[[projects]]
  branch = "master"
  digest = "1:1e9704e5379e68ac473c28aeb3f7e7cd4036ae8a246bf0285b5ebdbb8e0cfacf"
  name = "golang.org/x/net"
  packages = [
    "html",
    "html/atom",
    "html/charset",
  ]
  pruneopts = ""
  revision = "d26f9f9a57f3fab6a695bec0d84433c2c50f8bbf"

[[projects]]
  branch = "master"
  digest = "1:7e3b61f51ebcb58b3894928ed7c63aae68820dec1dd57166e5d6e65ef2868f40"
  name = "golang.org/x/sys"
  packages = ["unix"]
  pruneopts = ""
  revision = "b90733256f2e882e81d52f9126de08df5615afd9"

[[projects]]
  digest = "1:5acd3512b047305d49e8763eef7ba423901e85d5dd2fd1e71778a0ea8de10bd4"
  name = "golang.org/x/text"
  packages = [
    "encoding",
    "encoding/charmap",
    "encoding/htmlindex",
    "encoding/internal",
    "encoding/internal/identifier",
    "encoding/japanese",
    "encoding/korean",
    "encoding/simplifiedchinese",
    "encoding/traditionalchinese",
    "encoding/unicode",
    "internal/gen",
    "internal/tag",
    "internal/utf8internal",
    "language",
    "runes",
    "transform",
    "unicode/cldr",
  ]
  pruneopts = ""
  revision = "f21a4dfb5e38f5895301dc265a8def02365cc3d0"
  version = "v0.3.0"

[[projects]]
  digest = "1:eb53021a8aa3f599d29c7102e65026242bdedce998a54837dc67f14b6a97c5fd"
  name = "gopkg.in/fsnotify.v1"
  packages = ["."]
  pruneopts = ""
  revision = "c2828203cd70a50dcccfb2761f8b1f8ceef9a8e9"
  source = "https://github.com/fsnotify/fsnotify/archive/v1.4.7.tar.gz"
  version = "v1.4.7"

[[projects]]
  branch = "v1"
  digest = "1:a96d16bd088460f2e0685d46c39bcf1208ba46e0a977be2df49864ec7da447dd"
  name = "gopkg.in/tomb.v1"
  packages = ["."]
  pruneopts = ""
  revision = "dd632973f1e7218eb1089048e0798ec9ae7dceb8"

[[projects]]
  digest = "1:cedccf16b71e86db87a24f8d4c70b0a855872eb967cb906a66b95de56aefbd0d"
  name = "gopkg.in/yaml.v2"
  packages = ["."]
  pruneopts = ""
  revision = "51d6538a90f86fe93ac480b35f37b2be17fef232"
  version = "v2.2.2"

[solve-meta]
  analyzer-name = "dep"
  analyzer-version = 1
  input-imports = [
    "github.com/blang/semver",
    "github.com/cloudfoundry/libbuildpack",
    "github.com/cloudfoundry/libbuildpack/cutlass",
    "github.com/google/subcommands",
    "github.com/onsi/ginkgo",
    "github.com/onsi/gomega",
  ]
  solver-name = "gps-cdcl"
  solver-version = 1
